// !$*UTF8*$!
{
	archiveVersion = 1;
	classes = {
	};
	objectVersion = 50;
	objects = {

/* Begin PBXBuildFile section */
		033CA2F6215BB4C2008A9280 /* AppDelegate.swift in Sources */ = {isa = PBXBuildFile; fileRef = 033CA2F5215BB4C2008A9280 /* AppDelegate.swift */; };
		033CA2F8215BB4C2008A9280 /* ImageViewerTableView.swift in Sources */ = {isa = PBXBuildFile; fileRef = 033CA2F7215BB4C2008A9280 /* ImageViewerTableView.swift */; };
		033CA2FB215BB4C2008A9280 /* Main.storyboard in Resources */ = {isa = PBXBuildFile; fileRef = 033CA2F9215BB4C2008A9280 /* Main.storyboard */; };
		033CA2FD215BB4C3008A9280 /* Assets.xcassets in Resources */ = {isa = PBXBuildFile; fileRef = 033CA2FC215BB4C3008A9280 /* Assets.xcassets */; };
		033CA300215BB4C3008A9280 /* LaunchScreen.storyboard in Resources */ = {isa = PBXBuildFile; fileRef = 033CA2FE215BB4C3008A9280 /* LaunchScreen.storyboard */; };
		038A1FAC215CF93400AAB431 /* img3.jpg in Resources */ = {isa = PBXBuildFile; fileRef = 038A1FA2215CF93400AAB431 /* img3.jpg */; };
		038A1FAD215CF93400AAB431 /* img10.jpg in Resources */ = {isa = PBXBuildFile; fileRef = 038A1FA3215CF93400AAB431 /* img10.jpg */; };
		038A1FAE215CF93400AAB431 /* img7.jpg in Resources */ = {isa = PBXBuildFile; fileRef = 038A1FA4215CF93400AAB431 /* img7.jpg */; };
		038A1FAF215CF93400AAB431 /* img8.jpg in Resources */ = {isa = PBXBuildFile; fileRef = 038A1FA5215CF93400AAB431 /* img8.jpg */; };
		038A1FB0215CF93400AAB431 /* img9.jpg in Resources */ = {isa = PBXBuildFile; fileRef = 038A1FA6215CF93400AAB431 /* img9.jpg */; };
		038A1FB1215CF93400AAB431 /* img5.jpg in Resources */ = {isa = PBXBuildFile; fileRef = 038A1FA7215CF93400AAB431 /* img5.jpg */; };
		038A1FB2215CF93400AAB431 /* img4.jpg in Resources */ = {isa = PBXBuildFile; fileRef = 038A1FA8215CF93400AAB431 /* img4.jpg */; };
		038A1FB3215CF93400AAB431 /* img1.jpg in Resources */ = {isa = PBXBuildFile; fileRef = 038A1FA9215CF93400AAB431 /* img1.jpg */; };
		038A1FB4215CF93400AAB431 /* img2.jpg in Resources */ = {isa = PBXBuildFile; fileRef = 038A1FAA215CF93400AAB431 /* img2.jpg */; };
		038A1FB5215CF93400AAB431 /* img6.jpg in Resources */ = {isa = PBXBuildFile; fileRef = 038A1FAB215CF93400AAB431 /* img6.jpg */; };
		038A1FB7215D10CB00AAB431 /* PreviewImageViewController.swift in Sources */ = {isa = PBXBuildFile; fileRef = 038A1FB6215D10CB00AAB431 /* PreviewImageViewController.swift */; };
/* End PBXBuildFile section */

/* Begin PBXFileReference section */
		033CA2F2215BB4C2008A9280 /* ImageViewer.app */ = {isa = PBXFileReference; explicitFileType = wrapper.application; includeInIndex = 0; path = ImageViewer.app; sourceTree = BUILT_PRODUCTS_DIR; };
		033CA2F5215BB4C2008A9280 /* AppDelegate.swift */ = {isa = PBXFileReference; lastKnownFileType = sourcecode.swift; path = AppDelegate.swift; sourceTree = "<group>"; };
		033CA2F7215BB4C2008A9280 /* ImageViewerTableView.swift */ = {isa = PBXFileReference; lastKnownFileType = sourcecode.swift; path = ImageViewerTableView.swift; sourceTree = "<group>"; };
		033CA2FA215BB4C2008A9280 /* Base */ = {isa = PBXFileReference; lastKnownFileType = file.storyboard; name = Base; path = Base.lproj/Main.storyboard; sourceTree = "<group>"; };
		033CA2FC215BB4C3008A9280 /* Assets.xcassets */ = {isa = PBXFileReference; lastKnownFileType = folder.assetcatalog; path = Assets.xcassets; sourceTree = "<group>"; };
		033CA2FF215BB4C3008A9280 /* Base */ = {isa = PBXFileReference; lastKnownFileType = file.storyboard; name = Base; path = Base.lproj/LaunchScreen.storyboard; sourceTree = "<group>"; };
		033CA301215BB4C3008A9280 /* Info.plist */ = {isa = PBXFileReference; lastKnownFileType = text.plist.xml; path = Info.plist; sourceTree = "<group>"; };
		038A1FA2215CF93400AAB431 /* img3.jpg */ = {isa = PBXFileReference; lastKnownFileType = image.jpeg; path = img3.jpg; sourceTree = "<group>"; };
		038A1FA3215CF93400AAB431 /* img10.jpg */ = {isa = PBXFileReference; lastKnownFileType = image.jpeg; path = img10.jpg; sourceTree = "<group>"; };
		038A1FA4215CF93400AAB431 /* img7.jpg */ = {isa = PBXFileReference; lastKnownFileType = image.jpeg; path = img7.jpg; sourceTree = "<group>"; };
		038A1FA5215CF93400AAB431 /* img8.jpg */ = {isa = PBXFileReference; lastKnownFileType = image.jpeg; path = img8.jpg; sourceTree = "<group>"; };
		038A1FA6215CF93400AAB431 /* img9.jpg */ = {isa = PBXFileReference; lastKnownFileType = image.jpeg; path = img9.jpg; sourceTree = "<group>"; };
		038A1FA7215CF93400AAB431 /* img5.jpg */ = {isa = PBXFileReference; lastKnownFileType = image.jpeg; path = img5.jpg; sourceTree = "<group>"; };
		038A1FA8215CF93400AAB431 /* img4.jpg */ = {isa = PBXFileReference; lastKnownFileType = image.jpeg; path = img4.jpg; sourceTree = "<group>"; };
		038A1FA9215CF93400AAB431 /* img1.jpg */ = {isa = PBXFileReference; lastKnownFileType = image.jpeg; path = img1.jpg; sourceTree = "<group>"; };
		038A1FAA215CF93400AAB431 /* img2.jpg */ = {isa = PBXFileReference; lastKnownFileType = image.jpeg; path = img2.jpg; sourceTree = "<group>"; };
		038A1FAB215CF93400AAB431 /* img6.jpg */ = {isa = PBXFileReference; lastKnownFileType = image.jpeg; path = img6.jpg; sourceTree = "<group>"; };
		038A1FB6215D10CB00AAB431 /* PreviewImageViewController.swift */ = {isa = PBXFileReference; lastKnownFileType = sourcecode.swift; path = PreviewImageViewController.swift; sourceTree = "<group>"; };
/* End PBXFileReference section */

/* Begin PBXFrameworksBuildPhase section */
		033CA2EF215BB4C2008A9280 /* Frameworks */ = {
			isa = PBXFrameworksBuildPhase;
			buildActionMask = 2147483647;
			files = (
			);
			runOnlyForDeploymentPostprocessing = 0;
		};
/* End PBXFrameworksBuildPhase section */

/* Begin PBXGroup section */
		033CA2E9215BB4C2008A9280 = {
			isa = PBXGroup;
			children = (
				033CA2F4215BB4C2008A9280 /* ImageViewer */,
				033CA2F3215BB4C2008A9280 /* Products */,
			);
			sourceTree = "<group>";
		};
		033CA2F3215BB4C2008A9280 /* Products */ = {
			isa = PBXGroup;
			children = (
				033CA2F2215BB4C2008A9280 /* ImageViewer.app */,
			);
			name = Products;
			sourceTree = "<group>";
		};
		033CA2F4215BB4C2008A9280 /* ImageViewer */ = {
			isa = PBXGroup;
			children = (
				033CA2F5215BB4C2008A9280 /* AppDelegate.swift */,
				033CA2F7215BB4C2008A9280 /* ImageViewerTableView.swift */,
				038A1FB6215D10CB00AAB431 /* PreviewImageViewController.swift */,
				033CA2F9215BB4C2008A9280 /* Main.storyboard */,
				033CA2FC215BB4C3008A9280 /* Assets.xcassets */,
				038A1FA9215CF93400AAB431 /* img1.jpg */,
				038A1FAA215CF93400AAB431 /* img2.jpg */,
				038A1FA2215CF93400AAB431 /* img3.jpg */,
				038A1FA8215CF93400AAB431 /* img4.jpg */,
				038A1FA7215CF93400AAB431 /* img5.jpg */,
				038A1FAB215CF93400AAB431 /* img6.jpg */,
				038A1FA4215CF93400AAB431 /* img7.jpg */,
				038A1FA5215CF93400AAB431 /* img8.jpg */,
				038A1FA6215CF93400AAB431 /* img9.jpg */,
				038A1FA3215CF93400AAB431 /* img10.jpg */,
				033CA2FE215BB4C3008A9280 /* LaunchScreen.storyboard */,
				033CA301215BB4C3008A9280 /* Info.plist */,
			);
			path = ImageViewer;
			sourceTree = "<group>";
		};
/* End PBXGroup section */

/* Begin PBXNativeTarget section */
		033CA2F1215BB4C2008A9280 /* ImageViewer */ = {
			isa = PBXNativeTarget;
			buildConfigurationList = 033CA304215BB4C3008A9280 /* Build configuration list for PBXNativeTarget "ImageViewer" */;
			buildPhases = (
				033CA2EE215BB4C2008A9280 /* Sources */,
				033CA2EF215BB4C2008A9280 /* Frameworks */,
				033CA2F0215BB4C2008A9280 /* Resources */,
			);
			buildRules = (
			);
			dependencies = (
			);
			name = ImageViewer;
			productName = ImageViewer;
			productReference = 033CA2F2215BB4C2008A9280 /* ImageViewer.app */;
			productType = "com.apple.product-type.application";
		};
/* End PBXNativeTarget section */

/* Begin PBXProject section */
		033CA2EA215BB4C2008A9280 /* Project object */ = {
			isa = PBXProject;
			attributes = {
				LastSwiftUpdateCheck = 1000;
				LastUpgradeCheck = 1000;
				ORGANIZATIONNAME = "Bold Lion";
				TargetAttributes = {
					033CA2F1215BB4C2008A9280 = {
						CreatedOnToolsVersion = 10.0;
					};
				};
			};
			buildConfigurationList = 033CA2ED215BB4C2008A9280 /* Build configuration list for PBXProject "ImageViewer" */;
			compatibilityVersion = "Xcode 9.3";
			developmentRegion = en;
			hasScannedForEncodings = 0;
			knownRegions = (
				en,
				Base,
			);
			mainGroup = 033CA2E9215BB4C2008A9280;
			productRefGroup = 033CA2F3215BB4C2008A9280 /* Products */;
			projectDirPath = "";
			projectRoot = "";
			targets = (
				033CA2F1215BB4C2008A9280 /* ImageViewer */,
			);
		};
/* End PBXProject section */

/* Begin PBXResourcesBuildPhase section */
		033CA2F0215BB4C2008A9280 /* Resources */ = {
			isa = PBXResourcesBuildPhase;
			buildActionMask = 2147483647;
			files = (
				038A1FAD215CF93400AAB431 /* img10.jpg in Resources */,
				038A1FB3215CF93400AAB431 /* img1.jpg in Resources */,
				038A1FB0215CF93400AAB431 /* img9.jpg in Resources */,
				038A1FB5215CF93400AAB431 /* img6.jpg in Resources */,
				038A1FAE215CF93400AAB431 /* img7.jpg in Resources */,
				038A1FAC215CF93400AAB431 /* img3.jpg in Resources */,
				038A1FB1215CF93400AAB431 /* img5.jpg in Resources */,
				038A1FB2215CF93400AAB431 /* img4.jpg in Resources */,
				038A1FAF215CF93400AAB431 /* img8.jpg in Resources */,
				033CA300215BB4C3008A9280 /* LaunchScreen.storyboard in Resources */,
				033CA2FD215BB4C3008A9280 /* Assets.xcassets in Resources */,
				038A1FB4215CF93400AAB431 /* img2.jpg in Resources */,
				033CA2FB215BB4C2008A9280 /* Main.storyboard in Resources */,
			);
			runOnlyForDeploymentPostprocessing = 0;
		};
/* End PBXResourcesBuildPhase section */

/* Begin PBXSourcesBuildPhase section */
		033CA2EE215BB4C2008A9280 /* Sources */ = {
			isa = PBXSourcesBuildPhase;
			buildActionMask = 2147483647;
			files = (
				033CA2F8215BB4C2008A9280 /* ImageViewerTableView.swift in Sources */,
				033CA2F6215BB4C2008A9280 /* AppDelegate.swift in Sources */,
				038A1FB7215D10CB00AAB431 /* PreviewImageViewController.swift in Sources */,
			);
			runOnlyForDeploymentPostprocessing = 0;
		};
/* End PBXSourcesBuildPhase section */

/* Begin PBXVariantGroup section */
		033CA2F9215BB4C2008A9280 /* Main.storyboard */ = {
			isa = PBXVariantGroup;
			children = (
				033CA2FA215BB4C2008A9280 /* Base */,
			);
			name = Main.storyboard;
			sourceTree = "<group>";
		};
		033CA2FE215BB4C3008A9280 /* LaunchScreen.storyboard */ = {
			isa = PBXVariantGroup;
			children = (
				033CA2FF215BB4C3008A9280 /* Base */,
			);
			name = LaunchScreen.storyboard;
			sourceTree = "<group>";
		};
/* End PBXVariantGroup section */

/* Begin XCBuildConfiguration section */
		033CA302215BB4C3008A9280 /* Debug */ = {
			isa = XCBuildConfiguration;
			buildSettings = {
				ALWAYS_SEARCH_USER_PATHS = NO;
				CLANG_ANALYZER_NONNULL = YES;
				CLANG_ANALYZER_NUMBER_OBJECT_CONVERSION = YES_AGGRESSIVE;
				CLANG_CXX_LANGUAGE_STANDARD = "gnu++14";
				CLANG_CXX_LIBRARY = "libc++";
				CLANG_ENABLE_MODULES = YES;
				CLANG_ENABLE_OBJC_ARC = YES;
				CLANG_ENABLE_OBJC_WEAK = YES;
				CLANG_WARN_BLOCK_CAPTURE_AUTORELEASING = YES;
				CLANG_WARN_BOOL_CONVERSION = YES;
				CLANG_WARN_COMMA = YES;
				CLANG_WARN_CONSTANT_CONVERSION = YES;
				CLANG_WARN_DEPRECATED_OBJC_IMPLEMENTATIONS = YES;
				CLANG_WARN_DIRECT_OBJC_ISA_USAGE = YES_ERROR;
				CLANG_WARN_DOCUMENTATION_COMMENTS = YES;
				CLANG_WARN_EMPTY_BODY = YES;
				CLANG_WARN_ENUM_CONVERSION = YES;
				CLANG_WARN_INFINITE_RECURSION = YES;
				CLANG_WARN_INT_CONVERSION = YES;
				CLANG_WARN_NON_LITERAL_NULL_CONVERSION = YES;
				CLANG_WARN_OBJC_IMPLICIT_RETAIN_SELF = YES;
				CLANG_WARN_OBJC_LITERAL_CONVERSION = YES;
				CLANG_WARN_OBJC_ROOT_CLASS = YES_ERROR;
				CLANG_WARN_RANGE_LOOP_ANALYSIS = YES;
				CLANG_WARN_STRICT_PROTOTYPES = YES;
				CLANG_WARN_SUSPICIOUS_MOVE = YES;
				CLANG_WARN_UNGUARDED_AVAILABILITY = YES_AGGRESSIVE;
				CLANG_WARN_UNREACHABLE_CODE = YES;
				CLANG_WARN__DUPLICATE_METHOD_MATCH = YES;
				CODE_SIGN_IDENTITY = "iPhone Developer";
				COPY_PHASE_STRIP = NO;
				DEBUG_INFORMATION_FORMAT = dwarf;
				ENABLE_STRICT_OBJC_MSGSEND = YES;
				ENABLE_TESTABILITY = YES;
				GCC_C_LANGUAGE_STANDARD = gnu11;
				GCC_DYNAMIC_NO_PIC = NO;
				GCC_NO_COMMON_BLOCKS = YES;
				GCC_OPTIMIZATION_LEVEL = 0;
				GCC_PREPROCESSOR_DEFINITIONS = (
					"DEBUG=1",
					"$(inherited)",
				);
				GCC_WARN_64_TO_32_BIT_CONVERSION = YES;
				GCC_WARN_ABOUT_RETURN_TYPE = YES_ERROR;
				GCC_WARN_UNDECLARED_SELECTOR = YES;
				GCC_WARN_UNINITIALIZED_AUTOS = YES_AGGRESSIVE;
				GCC_WARN_UNUSED_FUNCTION = YES;
				GCC_WARN_UNUSED_VARIABLE = YES;
				IPHONEOS_DEPLOYMENT_TARGET = 12.0;
				MTL_ENABLE_DEBUG_INFO = INCLUDE_SOURCE;
				MTL_FAST_MATH = YES;
				ONLY_ACTIVE_ARCH = YES;
				SDKROOT = iphoneos;
				SWIFT_ACTIVE_COMPILATION_CONDITIONS = DEBUG;
				SWIFT_OPTIMIZATION_LEVEL = "-Onone";
			};
			name = Debug;
		};
		033CA303215BB4C3008A9280 /* Release */ = {
			isa = XCBuildConfiguration;
			buildSettings = {
				ALWAYS_SEARCH_USER_PATHS = NO;
				CLANG_ANALYZER_NONNULL = YES;
				CLANG_ANALYZER_NUMBER_OBJECT_CONVERSION = YES_AGGRESSIVE;
				CLANG_CXX_LANGUAGE_STANDARD = "gnu++14";
				CLANG_CXX_LIBRARY = "libc++";
				CLANG_ENABLE_MODULES = YES;
				CLANG_ENABLE_OBJC_ARC = YES;
				CLANG_ENABLE_OBJC_WEAK = YES;
				CLANG_WARN_BLOCK_CAPTURE_AUTORELEASING = YES;
				CLANG_WARN_BOOL_CONVERSION = YES;
				CLANG_WARN_COMMA = YES;
				CLANG_WARN_CONSTANT_CONVERSION = YES;
				CLANG_WARN_DEPRECATED_OBJC_IMPLEMENTATIONS = YES;
				CLANG_WARN_DIRECT_OBJC_ISA_USAGE = YES_ERROR;
				CLANG_WARN_DOCUMENTATION_COMMENTS = YES;
				CLANG_WARN_EMPTY_BODY = YES;
				CLANG_WARN_ENUM_CONVERSION = YES;
				CLANG_WARN_INFINITE_RECURSION = YES;
				CLANG_WARN_INT_CONVERSION = YES;
				CLANG_WARN_NON_LITERAL_NULL_CONVERSION = YES;
				CLANG_WARN_OBJC_IMPLICIT_RETAIN_SELF = YES;
				CLANG_WARN_OBJC_LITERAL_CONVERSION = YES;
				CLANG_WARN_OBJC_ROOT_CLASS = YES_ERROR;
				CLANG_WARN_RANGE_LOOP_ANALYSIS = YES;
				CLANG_WARN_STRICT_PROTOTYPES = YES;
				CLANG_WARN_SUSPICIOUS_MOVE = YES;
				CLANG_WARN_UNGUARDED_AVAILABILITY = YES_AGGRESSIVE;
				CLANG_WARN_UNREACHABLE_CODE = YES;
				CLANG_WARN__DUPLICATE_METHOD_MATCH = YES;
				CODE_SIGN_IDENTITY = "iPhone Developer";
				COPY_PHASE_STRIP = NO;
				DEBUG_INFORMATION_FORMAT = "dwarf-with-dsym";
				ENABLE_NS_ASSERTIONS = NO;
				ENABLE_STRICT_OBJC_MSGSEND = YES;
				GCC_C_LANGUAGE_STANDARD = gnu11;
				GCC_NO_COMMON_BLOCKS = YES;
				GCC_WARN_64_TO_32_BIT_CONVERSION = YES;
				GCC_WARN_ABOUT_RETURN_TYPE = YES_ERROR;
				GCC_WARN_UNDECLARED_SELECTOR = YES;
				GCC_WARN_UNINITIALIZED_AUTOS = YES_AGGRESSIVE;
				GCC_WARN_UNUSED_FUNCTION = YES;
				GCC_WARN_UNUSED_VARIABLE = YES;
				IPHONEOS_DEPLOYMENT_TARGET = 12.0;
				MTL_ENABLE_DEBUG_INFO = NO;
				MTL_FAST_MATH = YES;
				SDKROOT = iphoneos;
				SWIFT_COMPILATION_MODE = wholemodule;
				SWIFT_OPTIMIZATION_LEVEL = "-O";
				VALIDATE_PRODUCT = YES;
			};
			name = Release;
		};
		033CA305215BB4C3008A9280 /* Debug */ = {
			isa = XCBuildConfiguration;
			buildSettings = {
				ASSETCATALOG_COMPILER_APPICON_NAME = AppIcon;
				CODE_SIGN_STYLE = Automatic;
				DEVELOPMENT_TEAM = C7Z3QND73W;
				INFOPLIST_FILE = ImageViewer/Info.plist;
				LD_RUNPATH_SEARCH_PATHS = (
					"$(inherited)",
					"@executable_path/Frameworks",
				);
				PRODUCT_BUNDLE_IDENTIFIER = com.example.ImageViewer;
				PRODUCT_NAME = "$(TARGET_NAME)";
				SWIFT_VERSION = 4.2;
				TARGETED_DEVICE_FAMILY = "1,2";
			};
			name = Debug;
		};
		033CA306215BB4C3008A9280 /* Release */ = {
			isa = XCBuildConfiguration;
			buildSettings = {
				ASSETCATALOG_COMPILER_APPICON_NAME = AppIcon;
				CODE_SIGN_STYLE = Automatic;
				DEVELOPMENT_TEAM = C7Z3QND73W;
				INFOPLIST_FILE = ImageViewer/Info.plist;
				LD_RUNPATH_SEARCH_PATHS = (
					"$(inherited)",
					"@executable_path/Frameworks",
				);
				PRODUCT_BUNDLE_IDENTIFIER = com.example.ImageViewer;
				PRODUCT_NAME = "$(TARGET_NAME)";
				SWIFT_VERSION = 4.2;
				TARGETED_DEVICE_FAMILY = "1,2";
			};
			name = Release;
		};
/* End XCBuildConfiguration section */

/* Begin XCConfigurationList section */
		033CA2ED215BB4C2008A9280 /* Build configuration list for PBXProject "ImageViewer" */ = {
			isa = XCConfigurationList;
			buildConfigurations = (
				033CA302215BB4C3008A9280 /* Debug */,
				033CA303215BB4C3008A9280 /* Release */,
			);
			defaultConfigurationIsVisible = 0;
			defaultConfigurationName = Release;
		};
		033CA304215BB4C3008A9280 /* Build configuration list for PBXNativeTarget "ImageViewer" */ = {
			isa = XCConfigurationList;
			buildConfigurations = (
				033CA305215BB4C3008A9280 /* Debug */,
				033CA306215BB4C3008A9280 /* Release */,
			);
			defaultConfigurationIsVisible = 0;
			defaultConfigurationName = Release;
		};
/* End XCConfigurationList section */
	};
	rootObject = 033CA2EA215BB4C2008A9280 /* Project object */;
}
